{
  "name": "chatapp-1",
  "lockfileVersion": 3,
  "requires": true,
  "packages": {
    "": {
      "dependencies": {
        "@tanstack/react-query": "^5.101.0"
      }
    },
    "node_modules/@tanstack/query-core": {
      "version": "5.101.0",
      "resolved": "https://registry.npmjs.org/@tanstack/query-core/-/query-core-5.101.0.tgz",
      "integrity": "sha512-cQetA74EB+seWySv1TTKr828TnP0u39m6LykwDXIo84SNortpDkp30TMEjkqtYCNP9c40uT/iwl6MLiufEt0Ow==",
      "license": "MIT",
      "funding": {
        "type": "github",
        "url": "https://github.com/sponsors/tannerlinsley"
      }
    },
    "node_modules/@tanstack/react-query": {
      "version": "5.101.0",
      "resolved": "https://registry.npmjs.org/@tanstack/react-query/-/react-query-5.101.0.tgz",
      "integrity": "sha512-rLlJXSpkqfizLWgkR5+eLeIk0MvTx/meEIR7LRjxic+qxiQP8zVjq7BqQkiCMNLQBlLfuOLqqr6KO5GtrDlmSg==",
      "license": "MIT",
      "dependencies": {
        "@tanstack/query-core": "5.101.0"
      },
      "funding": {
        "type": "github",
        "url": "https://github.com/sponsors/tannerlinsley"
      },
      "peerDependencies": {
        "react": "^18 || ^19"
      }
    }
  }
}
